
Microsoft Visual Studio Solution File, Format Version 12.00
# Visual Studio Version 17
VisualStudioVersion = 17.4.33110.190
MinimumVisualStudioVersion = 10.0.40219.1
Project("{FAE04EC0-301F-11D3-BF4B-00C04F79EFBC}") = "WebApplication2", "WebApplication2.csproj", "{15827F27-A0CF-4C0A-BBA4-DA817FBA36DA}"
EndProject
Global
	GlobalSection(SolutionConfigurationPlatforms) = preSolution
		Debug|Any CPU = Debug|Any CPU
		Release|Any CPU = Release|Any CPU
	EndGlobalSection
	GlobalSection(ProjectConfigurationPlatforms) = postSolution
		{15827F27-A0CF-4C0A-BBA4-DA817FBA36DA}.Debug|Any CPU.ActiveCfg = Debug|Any CPU
		{15827F27-A0CF-4C0A-BBA4-DA817FBA36DA}.Debug|Any CPU.Build.0 = Debug|Any CPU
		{15827F27-A0CF-4C0A-BBA4-DA817FBA36DA}.Release|Any CPU.ActiveCfg = Release|Any CPU
		{15827F27-A0CF-4C0A-BBA4-DA817FBA36DA}.Release|Any CPU.Build.0 = Release|Any CPU
	EndGlobalSection
	GlobalSection(SolutionProperties) = preSolution
		HideSolutionNode = FALSE
	EndGlobalSection
	GlobalSection(ExtensibilityGlobals) = postSolution
		SolutionGuid = {55AA32B5-0CF9-49AF-8D1F-6374E1446595}
	EndGlobalSection
EndGlobal
